
Microsoft Visual Studio Solution File, Format Version 12.00
# Visual Studio Version 17
VisualStudioVersion = 17.5.002.0
MinimumVisualStudioVersion = 10.0.40219.1
Project("{9A19103F-16F7-4668-BE54-9A1E7A4F7556}") = "Task3", "Task3.csproj", "{47C61775-E7B0-4315-925A-A65122B9B82F}"
EndProject
Global
	GlobalSection(SolutionConfigurationPlatforms) = preSolution
		Debug|Any CPU = Debug|Any CPU
		Release|Any CPU = Release|Any CPU
	EndGlobalSection
	GlobalSection(ProjectConfigurationPlatforms) = postSolution
		{47C61775-E7B0-4315-925A-A65122B9B82F}.Debug|Any CPU.ActiveCfg = Debug|Any CPU
		{47C61775-E7B0-4315-925A-A65122B9B82F}.Debug|Any CPU.Build.0 = Debug|Any CPU
		{47C61775-E7B0-4315-925A-A65122B9B82F}.Release|Any CPU.ActiveCfg = Release|Any CPU
		{47C61775-E7B0-4315-925A-A65122B9B82F}.Release|Any CPU.Build.0 = Release|Any CPU
	EndGlobalSection
	GlobalSection(SolutionProperties) = preSolution
		HideSolutionNode = FALSE
	EndGlobalSection
	GlobalSection(ExtensibilityGlobals) = postSolution
		SolutionGuid = {3AD83F46-754D-4525-8EAE-88DCB75CE757}
	EndGlobalSection
EndGlobal
