
Microsoft Visual Studio Solution File, Format Version 12.00
# Visual Studio Version 17
VisualStudioVersion = 17.5.002.0
MinimumVisualStudioVersion = 10.0.40219.1
Project("{9A19103F-16F7-4668-BE54-9A1E7A4F7556}") = "Task1", "Task1.csproj", "{37BC029C-B70C-4D98-A485-4E8017AC983A}"
EndProject
Global
	GlobalSection(SolutionConfigurationPlatforms) = preSolution
		Debug|Any CPU = Debug|Any CPU
		Release|Any CPU = Release|Any CPU
	EndGlobalSection
	GlobalSection(ProjectConfigurationPlatforms) = postSolution
		{37BC029C-B70C-4D98-A485-4E8017AC983A}.Debug|Any CPU.ActiveCfg = Debug|Any CPU
		{37BC029C-B70C-4D98-A485-4E8017AC983A}.Debug|Any CPU.Build.0 = Debug|Any CPU
		{37BC029C-B70C-4D98-A485-4E8017AC983A}.Release|Any CPU.ActiveCfg = Release|Any CPU
		{37BC029C-B70C-4D98-A485-4E8017AC983A}.Release|Any CPU.Build.0 = Release|Any CPU
	EndGlobalSection
	GlobalSection(SolutionProperties) = preSolution
		HideSolutionNode = FALSE
	EndGlobalSection
	GlobalSection(ExtensibilityGlobals) = postSolution
		SolutionGuid = {7654A783-A313-4E43-A945-36459039A28F}
	EndGlobalSection
EndGlobal
