
Microsoft Visual Studio Solution File, Format Version 12.00
# Visual Studio Version 17
VisualStudioVersion = 17.5.002.0
MinimumVisualStudioVersion = 10.0.40219.1
Project("{9A19103F-16F7-4668-BE54-9A1E7A4F7556}") = "Task2", "Task2.csproj", "{27E5883F-C1C9-4513-B371-048630091515}"
EndProject
Global
	GlobalSection(SolutionConfigurationPlatforms) = preSolution
		Debug|Any CPU = Debug|Any CPU
		Release|Any CPU = Release|Any CPU
	EndGlobalSection
	GlobalSection(ProjectConfigurationPlatforms) = postSolution
		{27E5883F-C1C9-4513-B371-048630091515}.Debug|Any CPU.ActiveCfg = Debug|Any CPU
		{27E5883F-C1C9-4513-B371-048630091515}.Debug|Any CPU.Build.0 = Debug|Any CPU
		{27E5883F-C1C9-4513-B371-048630091515}.Release|Any CPU.ActiveCfg = Release|Any CPU
		{27E5883F-C1C9-4513-B371-048630091515}.Release|Any CPU.Build.0 = Release|Any CPU
	EndGlobalSection
	GlobalSection(SolutionProperties) = preSolution
		HideSolutionNode = FALSE
	EndGlobalSection
	GlobalSection(ExtensibilityGlobals) = postSolution
		SolutionGuid = {F5D78D07-F03E-49BD-A882-A9790CAD6AF5}
	EndGlobalSection
EndGlobal
